{
  "name": "@alphabill/alphabill-js-sdk-examples",
  "version": "1.0.0",
  "lockfileVersion": 3,
  "requires": true,
  "packages": {
    "": {
      "name": "@alphabill/alphabill-js-sdk-examples",
      "version": "1.0.0",
      "dependencies": {
        "@alphabill/alphabill-js-sdk": "latest",
        "@noble/hashes": "^1.4.0"
      }
    },
    "node_modules/@alphabill/alphabill-js-sdk": {
      "version": "1.0.0-rc.b66148b",
      "resolved": "https://registry.npmjs.org/@alphabill/alphabill-js-sdk/-/alphabill-js-sdk-1.0.0-rc.b66148b.tgz",
      "integrity": "sha512-QomeeoDb+21AhEkiA3muji5kBObX+AGEP0HPSQZ2mZuk2NL2lDortMIVD7EeuExPTN3HQmPdhTXi3gEIgatV5Q==",
      "dependencies": {
        "@noble/curves": "1.4.0",
        "base64-js": "1.5.1",
        "cbor": "9.0.2",
        "cbor-web": "9.0.2",
        "uuid": "9.0.1"
      }
    },
    "node_modules/@noble/curves": {
      "version": "1.4.0",
      "license": "MIT",
      "dependencies": {
        "@noble/hashes": "1.4.0"
      },
      "funding": {
        "url": "https://paulmillr.com/funding/"
      }
    },
    "node_modules/@noble/hashes": {
      "version": "1.4.0",
      "license": "MIT",
      "engines": {
        "node": ">= 16"
      },
      "funding": {
        "url": "https://paulmillr.com/funding/"
      }
    },
    "node_modules/base64-js": {
      "version": "1.5.1",
      "funding": [
        {
          "type": "github",
          "url": "https://github.com/sponsors/feross"
        },
        {
          "type": "patreon",
          "url": "https://www.patreon.com/feross"
        },
        {
          "type": "consulting",
          "url": "https://feross.org/support"
        }
      ],
      "license": "MIT"
    },
    "node_modules/cbor": {
      "version": "9.0.2",
      "license": "MIT",
      "dependencies": {
        "nofilter": "^3.1.0"
      },
      "engines": {
        "node": ">=16"
      }
    },
    "node_modules/cbor-web": {
      "version": "9.0.2",
      "license": "MIT",
      "engines": {
        "node": ">=16"
      }
    },
    "node_modules/nofilter": {
      "version": "3.1.0",
      "license": "MIT",
      "engines": {
        "node": ">=12.19"
      }
    },
    "node_modules/uuid": {
      "version": "9.0.1",
      "funding": [
        "https://github.com/sponsors/broofa",
        "https://github.com/sponsors/ctavan"
      ],
      "license": "MIT",
      "bin": {
        "uuid": "dist/bin/uuid"
      }
    }
  }
}
