{
  "name": "@alphabill/alphabill-js-sdk-examples",
  "version": "1.0.0",
  "lockfileVersion": 3,
  "requires": true,
  "packages": {
    "": {
      "name": "@alphabill/alphabill-js-sdk-examples",
      "version": "1.0.0",
      "dependencies": {
        "@alphabill/alphabill-js-sdk": "file:../alphabill-alphabill-js-sdk-1.0.0.tgz",
        "@noble/hashes": "^1.4.0"
      }
    },
    "node_modules/@alphabill/alphabill-js-sdk": {
      "version": "1.0.0",
      "resolved": "file:../alphabill-alphabill-js-sdk-1.0.0.tgz",
      "integrity": "sha512-x5MVG8ruvegh5EkWnNwm/rKeioLNwCYFSUiKxCC7WIFSh+jqRpJukYd3mwa3JFHw/qi/H0+XYlOBB9l1fub9ow==",
      "dependencies": {
        "@noble/curves": "1.4.0",
        "@noble/hashes": "1.4.0",
        "base64-js": "1.5.1",
        "cbor": "9.0.2",
        "cbor-web": "9.0.2",
        "uuid": "9.0.1"
      }
    },
    "node_modules/@noble/curves": {
      "version": "1.4.0",
      "resolved": "https://registry.npmjs.org/@noble/curves/-/curves-1.4.0.tgz",
      "integrity": "sha512-p+4cb332SFCrReJkCYe8Xzm0OWi4Jji5jVdIZRL/PmacmDkFNw6MrrV+gGpiPxLHbV+zKFRywUWbaseT+tZRXg==",
      "dependencies": {
        "@noble/hashes": "1.4.0"
      },
      "funding": {
        "url": "https://paulmillr.com/funding/"
      }
    },
    "node_modules/@noble/hashes": {
      "version": "1.4.0",
      "resolved": "https://registry.npmjs.org/@noble/hashes/-/hashes-1.4.0.tgz",
      "integrity": "sha512-V1JJ1WTRUqHHrOSh597hURcMqVKVGL/ea3kv0gSnEdsEZ0/+VyPghM1lMNGc00z7CIQorSvbKpuJkxvuHbvdbg==",
      "engines": {
        "node": ">= 16"
      },
      "funding": {
        "url": "https://paulmillr.com/funding/"
      }
    },
    "node_modules/base64-js": {
      "version": "1.5.1",
      "resolved": "https://registry.npmjs.org/base64-js/-/base64-js-1.5.1.tgz",
      "integrity": "sha512-AKpaYlHn8t4SVbOHCy+b5+KKgvR4vrsD8vbvrbiQJps7fKDTkjkDry6ji0rUJjC0kzbNePLwzxq8iypo41qeWA==",
      "funding": [
        {
          "type": "github",
          "url": "https://github.com/sponsors/feross"
        },
        {
          "type": "patreon",
          "url": "https://www.patreon.com/feross"
        },
        {
          "type": "consulting",
          "url": "https://feross.org/support"
        }
      ]
    },
    "node_modules/cbor": {
      "version": "9.0.2",
      "resolved": "https://registry.npmjs.org/cbor/-/cbor-9.0.2.tgz",
      "integrity": "sha512-JPypkxsB10s9QOWwa6zwPzqE1Md3vqpPc+cai4sAecuCsRyAtAl/pMyhPlMbT/xtPnm2dznJZYRLui57qiRhaQ==",
      "dependencies": {
        "nofilter": "^3.1.0"
      },
      "engines": {
        "node": ">=16"
      }
    },
    "node_modules/cbor-web": {
      "version": "9.0.2",
      "resolved": "https://registry.npmjs.org/cbor-web/-/cbor-web-9.0.2.tgz",
      "integrity": "sha512-N6gU2GsJS8RR5gy1d9wQcSPgn9FGJFY7KNvdDRlwHfz6kCxrQr2TDnrjXHmr6TFSl6Fd0FC4zRnityEldjRGvQ==",
      "engines": {
        "node": ">=16"
      }
    },
    "node_modules/nofilter": {
      "version": "3.1.0",
      "resolved": "https://registry.npmjs.org/nofilter/-/nofilter-3.1.0.tgz",
      "integrity": "sha512-l2NNj07e9afPnhAhvgVrCD/oy2Ai1yfLpuo3EpiO1jFTsB4sFz6oIfAfSZyQzVpkZQ9xS8ZS5g1jCBgq4Hwo0g==",
      "engines": {
        "node": ">=12.19"
      }
    },
    "node_modules/uuid": {
      "version": "9.0.1",
      "resolved": "https://registry.npmjs.org/uuid/-/uuid-9.0.1.tgz",
      "integrity": "sha512-b+1eJOlsR9K8HJpow9Ok3fiWOWSIcIzXodvv0rQjVoOVNpWMpxf1wZNpt4y9h10odCNrqnYp1OBzRktckBe3sA==",
      "funding": [
        "https://github.com/sponsors/broofa",
        "https://github.com/sponsors/ctavan"
      ],
      "bin": {
        "uuid": "dist/bin/uuid"
      }
    }
  }
}
